// !$*UTF8*$!
{
	archiveVersion = 1;
	classes = {
	};
	objectVersion = 56;
	objects = {

/* Begin PBXBuildFile section */
		28B94DE52B398630008B8101 /* AppDelegate.swift in Sources */ = {isa = PBXBuildFile; fileRef = 28B94DE42B398630008B8101 /* AppDelegate.swift */; };
		28B94DE72B398630008B8101 /* SceneDelegate.swift in Sources */ = {isa = PBXBuildFile; fileRef = 28B94DE62B398630008B8101 /* SceneDelegate.swift */; };
		28B94DE92B398630008B8101 /* ViewController.swift in Sources */ = {isa = PBXBuildFile; fileRef = 28B94DE82B398630008B8101 /* ViewController.swift */; };
		28B94DEC2B398630008B8101 /* Main.storyboard in Resources */ = {isa = PBXBuildFile; fileRef = 28B94DEA2B398630008B8101 /* Main.storyboard */; };
		28B94DEE2B398631008B8101 /* Assets.xcassets in Resources */ = {isa = PBXBuildFile; fileRef = 28B94DED2B398631008B8101 /* Assets.xcassets */; };
		28B94DF12B398631008B8101 /* LaunchScreen.storyboard in Resources */ = {isa = PBXBuildFile; fileRef = 28B94DEF2B398631008B8101 /* LaunchScreen.storyboard */; };
		28B94DFD2B398891008B8101 /* Model.swift in Sources */ = {isa = PBXBuildFile; fileRef = 28B94DFC2B398891008B8101 /* Model.swift */; };
		28B94DFF2B398AFD008B8101 /* ViewModel.swift in Sources */ = {isa = PBXBuildFile; fileRef = 28B94DFE2B398AFD008B8101 /* ViewModel.swift */; };
		28B94E012B398B0E008B8101 /* TaskViewModel.swift in Sources */ = {isa = PBXBuildFile; fileRef = 28B94E002B398B0E008B8101 /* TaskViewModel.swift */; };
		28B94E032B39936D008B8101 /* TableView.swift in Sources */ = {isa = PBXBuildFile; fileRef = 28B94E022B39936D008B8101 /* TableView.swift */; };
/* End PBXBuildFile section */

/* Begin PBXFileReference section */
		28B94DE12B398630008B8101 /* MVVP.app */ = {isa = PBXFileReference; explicitFileType = wrapper.application; includeInIndex = 0; path = MVVP.app; sourceTree = BUILT_PRODUCTS_DIR; };
		28B94DE42B398630008B8101 /* AppDelegate.swift */ = {isa = PBXFileReference; lastKnownFileType = sourcecode.swift; path = AppDelegate.swift; sourceTree = "<group>"; };
		28B94DE62B398630008B8101 /* SceneDelegate.swift */ = {isa = PBXFileReference; lastKnownFileType = sourcecode.swift; path = SceneDelegate.swift; sourceTree = "<group>"; };
		28B94DE82B398630008B8101 /* ViewController.swift */ = {isa = PBXFileReference; lastKnownFileType = sourcecode.swift; path = ViewController.swift; sourceTree = "<group>"; };
		28B94DEB2B398630008B8101 /* Base */ = {isa = PBXFileReference; lastKnownFileType = file.storyboard; name = Base; path = Base.lproj/Main.storyboard; sourceTree = "<group>"; };
		28B94DED2B398631008B8101 /* Assets.xcassets */ = {isa = PBXFileReference; lastKnownFileType = folder.assetcatalog; path = Assets.xcassets; sourceTree = "<group>"; };
		28B94DF02B398631008B8101 /* Base */ = {isa = PBXFileReference; lastKnownFileType = file.storyboard; name = Base; path = Base.lproj/LaunchScreen.storyboard; sourceTree = "<group>"; };
		28B94DF22B398631008B8101 /* Info.plist */ = {isa = PBXFileReference; lastKnownFileType = text.plist.xml; path = Info.plist; sourceTree = "<group>"; };
		28B94DFC2B398891008B8101 /* Model.swift */ = {isa = PBXFileReference; lastKnownFileType = sourcecode.swift; path = Model.swift; sourceTree = "<group>"; };
		28B94DFE2B398AFD008B8101 /* ViewModel.swift */ = {isa = PBXFileReference; lastKnownFileType = sourcecode.swift; path = ViewModel.swift; sourceTree = "<group>"; };
		28B94E002B398B0E008B8101 /* TaskViewModel.swift */ = {isa = PBXFileReference; lastKnownFileType = sourcecode.swift; path = TaskViewModel.swift; sourceTree = "<group>"; };
		28B94E022B39936D008B8101 /* TableView.swift */ = {isa = PBXFileReference; lastKnownFileType = sourcecode.swift; path = TableView.swift; sourceTree = "<group>"; };
/* End PBXFileReference section */

/* Begin PBXFrameworksBuildPhase section */
		28B94DDE2B398630008B8101 /* Frameworks */ = {
			isa = PBXFrameworksBuildPhase;
			buildActionMask = 2147483647;
			files = (
			);
			runOnlyForDeploymentPostprocessing = 0;
		};
/* End PBXFrameworksBuildPhase section */

/* Begin PBXGroup section */
		28B94DD82B398630008B8101 = {
			isa = PBXGroup;
			children = (
				28B94DE32B398630008B8101 /* MVVP */,
				28B94DE22B398630008B8101 /* Products */,
			);
			sourceTree = "<group>";
		};
		28B94DE22B398630008B8101 /* Products */ = {
			isa = PBXGroup;
			children = (
				28B94DE12B398630008B8101 /* MVVP.app */,
			);
			name = Products;
			sourceTree = "<group>";
		};
		28B94DE32B398630008B8101 /* MVVP */ = {
			isa = PBXGroup;
			children = (
				28B94DF82B39879D008B8101 /* MVVP */,
				28B94DE42B398630008B8101 /* AppDelegate.swift */,
				28B94DE62B398630008B8101 /* SceneDelegate.swift */,
				28B94DEA2B398630008B8101 /* Main.storyboard */,
				28B94DED2B398631008B8101 /* Assets.xcassets */,
				28B94DEF2B398631008B8101 /* LaunchScreen.storyboard */,
				28B94DF22B398631008B8101 /* Info.plist */,
			);
			path = MVVP;
			sourceTree = "<group>";
		};
		28B94DF82B39879D008B8101 /* MVVP */ = {
			isa = PBXGroup;
			children = (
				28B94DFB2B3987BE008B8101 /* View */,
				28B94DFA2B3987B8008B8101 /* ViewModel */,
				28B94DF92B3987AE008B8101 /* Model */,
			);
			path = MVVP;
			sourceTree = "<group>";
		};
		28B94DF92B3987AE008B8101 /* Model */ = {
			isa = PBXGroup;
			children = (
				28B94DFC2B398891008B8101 /* Model.swift */,
			);
			path = Model;
			sourceTree = "<group>";
		};
		28B94DFA2B3987B8008B8101 /* ViewModel */ = {
			isa = PBXGroup;
			children = (
				28B94DFE2B398AFD008B8101 /* ViewModel.swift */,
				28B94E002B398B0E008B8101 /* TaskViewModel.swift */,
			);
			path = ViewModel;
			sourceTree = "<group>";
		};
		28B94DFB2B3987BE008B8101 /* View */ = {
			isa = PBXGroup;
			children = (
				28B94DE82B398630008B8101 /* ViewController.swift */,
				28B94E022B39936D008B8101 /* TableView.swift */,
			);
			path = View;
			sourceTree = "<group>";
		};
/* End PBXGroup section */

/* Begin PBXNativeTarget section */
		28B94DE02B398630008B8101 /* MVVP */ = {
			isa = PBXNativeTarget;
			buildConfigurationList = 28B94DF52B398631008B8101 /* Build configuration list for PBXNativeTarget "MVVP" */;
			buildPhases = (
				28B94DDD2B398630008B8101 /* Sources */,
				28B94DDE2B398630008B8101 /* Frameworks */,
				28B94DDF2B398630008B8101 /* Resources */,
			);
			buildRules = (
			);
			dependencies = (
			);
			name = MVVP;
			productName = MVVP;
			productReference = 28B94DE12B398630008B8101 /* MVVP.app */;
			productType = "com.apple.product-type.application";
		};
/* End PBXNativeTarget section */

/* Begin PBXProject section */
		28B94DD92B398630008B8101 /* Project object */ = {
			isa = PBXProject;
			attributes = {
				BuildIndependentTargetsInParallel = 1;
				LastSwiftUpdateCheck = 1510;
				LastUpgradeCheck = 1510;
				TargetAttributes = {
					28B94DE02B398630008B8101 = {
						CreatedOnToolsVersion = 15.1;
					};
				};
			};
			buildConfigurationList = 28B94DDC2B398630008B8101 /* Build configuration list for PBXProject "MVVP" */;
			compatibilityVersion = "Xcode 14.0";
			developmentRegion = en;
			hasScannedForEncodings = 0;
			knownRegions = (
				en,
				Base,
			);
			mainGroup = 28B94DD82B398630008B8101;
			productRefGroup = 28B94DE22B398630008B8101 /* Products */;
			projectDirPath = "";
			projectRoot = "";
			targets = (
				28B94DE02B398630008B8101 /* MVVP */,
			);
		};
/* End PBXProject section */

/* Begin PBXResourcesBuildPhase section */
		28B94DDF2B398630008B8101 /* Resources */ = {
			isa = PBXResourcesBuildPhase;
			buildActionMask = 2147483647;
			files = (
				28B94DF12B398631008B8101 /* LaunchScreen.storyboard in Resources */,
				28B94DEE2B398631008B8101 /* Assets.xcassets in Resources */,
				28B94DEC2B398630008B8101 /* Main.storyboard in Resources */,
			);
			runOnlyForDeploymentPostprocessing = 0;
		};
/* End PBXResourcesBuildPhase section */

/* Begin PBXSourcesBuildPhase section */
		28B94DDD2B398630008B8101 /* Sources */ = {
			isa = PBXSourcesBuildPhase;
			buildActionMask = 2147483647;
			files = (
				28B94DFF2B398AFD008B8101 /* ViewModel.swift in Sources */,
				28B94E012B398B0E008B8101 /* TaskViewModel.swift in Sources */,
				28B94DE92B398630008B8101 /* ViewController.swift in Sources */,
				28B94E032B39936D008B8101 /* TableView.swift in Sources */,
				28B94DE52B398630008B8101 /* AppDelegate.swift in Sources */,
				28B94DE72B398630008B8101 /* SceneDelegate.swift in Sources */,
				28B94DFD2B398891008B8101 /* Model.swift in Sources */,
			);
			runOnlyForDeploymentPostprocessing = 0;
		};
/* End PBXSourcesBuildPhase section */

/* Begin PBXVariantGroup section */
		28B94DEA2B398630008B8101 /* Main.storyboard */ = {
			isa = PBXVariantGroup;
			children = (
				28B94DEB2B398630008B8101 /* Base */,
			);
			name = Main.storyboard;
			sourceTree = "<group>";
		};
		28B94DEF2B398631008B8101 /* LaunchScreen.storyboard */ = {
			isa = PBXVariantGroup;
			children = (
				28B94DF02B398631008B8101 /* Base */,
			);
			name = LaunchScreen.storyboard;
			sourceTree = "<group>";
		};
/* End PBXVariantGroup section */

/* Begin XCBuildConfiguration section */
		28B94DF32B398631008B8101 /* Debug */ = {
			isa = XCBuildConfiguration;
			buildSettings = {
				ALWAYS_SEARCH_USER_PATHS = NO;
				ASSETCATALOG_COMPILER_GENERATE_SWIFT_ASSET_SYMBOL_EXTENSIONS = YES;
				CLANG_ANALYZER_NONNULL = YES;
				CLANG_ANALYZER_NUMBER_OBJECT_CONVERSION = YES_AGGRESSIVE;
				CLANG_CXX_LANGUAGE_STANDARD = "gnu++20";
				CLANG_ENABLE_MODULES = YES;
				CLANG_ENABLE_OBJC_ARC = YES;
				CLANG_ENABLE_OBJC_WEAK = YES;
				CLANG_WARN_BLOCK_CAPTURE_AUTORELEASING = YES;
				CLANG_WARN_BOOL_CONVERSION = YES;
				CLANG_WARN_COMMA = YES;
				CLANG_WARN_CONSTANT_CONVERSION = YES;
				CLANG_WARN_DEPRECATED_OBJC_IMPLEMENTATIONS = YES;
				CLANG_WARN_DIRECT_OBJC_ISA_USAGE = YES_ERROR;
				CLANG_WARN_DOCUMENTATION_COMMENTS = YES;
				CLANG_WARN_EMPTY_BODY = YES;
				CLANG_WARN_ENUM_CONVERSION = YES;
				CLANG_WARN_INFINITE_RECURSION = YES;
				CLANG_WARN_INT_CONVERSION = YES;
				CLANG_WARN_NON_LITERAL_NULL_CONVERSION = YES;
				CLANG_WARN_OBJC_IMPLICIT_RETAIN_SELF = YES;
				CLANG_WARN_OBJC_LITERAL_CONVERSION = YES;
				CLANG_WARN_OBJC_ROOT_CLASS = YES_ERROR;
				CLANG_WARN_QUOTED_INCLUDE_IN_FRAMEWORK_HEADER = YES;
				CLANG_WARN_RANGE_LOOP_ANALYSIS = YES;
				CLANG_WARN_STRICT_PROTOTYPES = YES;
				CLANG_WARN_SUSPICIOUS_MOVE = YES;
				CLANG_WARN_UNGUARDED_AVAILABILITY = YES_AGGRESSIVE;
				CLANG_WARN_UNREACHABLE_CODE = YES;
				CLANG_WARN__DUPLICATE_METHOD_MATCH = YES;
				COPY_PHASE_STRIP = NO;
				DEBUG_INFORMATION_FORMAT = dwarf;
				ENABLE_STRICT_OBJC_MSGSEND = YES;
				ENABLE_TESTABILITY = YES;
				ENABLE_USER_SCRIPT_SANDBOXING = YES;
				GCC_C_LANGUAGE_STANDARD = gnu17;
				GCC_DYNAMIC_NO_PIC = NO;
				GCC_NO_COMMON_BLOCKS = YES;
				GCC_OPTIMIZATION_LEVEL = 0;
				GCC_PREPROCESSOR_DEFINITIONS = (
					"DEBUG=1",
					"$(inherited)",
				);
				GCC_WARN_64_TO_32_BIT_CONVERSION = YES;
				GCC_WARN_ABOUT_RETURN_TYPE = YES_ERROR;
				GCC_WARN_UNDECLARED_SELECTOR = YES;
				GCC_WARN_UNINITIALIZED_AUTOS = YES_AGGRESSIVE;
				GCC_WARN_UNUSED_FUNCTION = YES;
				GCC_WARN_UNUSED_VARIABLE = YES;
				IPHONEOS_DEPLOYMENT_TARGET = 17.2;
				LOCALIZATION_PREFERS_STRING_CATALOGS = YES;
				MTL_ENABLE_DEBUG_INFO = INCLUDE_SOURCE;
				MTL_FAST_MATH = YES;
				ONLY_ACTIVE_ARCH = YES;
				SDKROOT = iphoneos;
				SWIFT_ACTIVE_COMPILATION_CONDITIONS = "DEBUG $(inherited)";
				SWIFT_OPTIMIZATION_LEVEL = "-Onone";
			};
			name = Debug;
		};
		28B94DF42B398631008B8101 /* Release */ = {
			isa = XCBuildConfiguration;
			buildSettings = {
				ALWAYS_SEARCH_USER_PATHS = NO;
				ASSETCATALOG_COMPILER_GENERATE_SWIFT_ASSET_SYMBOL_EXTENSIONS = YES;
				CLANG_ANALYZER_NONNULL = YES;
				CLANG_ANALYZER_NUMBER_OBJECT_CONVERSION = YES_AGGRESSIVE;
				CLANG_CXX_LANGUAGE_STANDARD = "gnu++20";
				CLANG_ENABLE_MODULES = YES;
				CLANG_ENABLE_OBJC_ARC = YES;
				CLANG_ENABLE_OBJC_WEAK = YES;
				CLANG_WARN_BLOCK_CAPTURE_AUTORELEASING = YES;
				CLANG_WARN_BOOL_CONVERSION = YES;
				CLANG_WARN_COMMA = YES;
				CLANG_WARN_CONSTANT_CONVERSION = YES;
				CLANG_WARN_DEPRECATED_OBJC_IMPLEMENTATIONS = YES;
				CLANG_WARN_DIRECT_OBJC_ISA_USAGE = YES_ERROR;
				CLANG_WARN_DOCUMENTATION_COMMENTS = YES;
				CLANG_WARN_EMPTY_BODY = YES;
				CLANG_WARN_ENUM_CONVERSION = YES;
				CLANG_WARN_INFINITE_RECURSION = YES;
				CLANG_WARN_INT_CONVERSION = YES;
				CLANG_WARN_NON_LITERAL_NULL_CONVERSION = YES;
				CLANG_WARN_OBJC_IMPLICIT_RETAIN_SELF = YES;
				CLANG_WARN_OBJC_LITERAL_CONVERSION = YES;
				CLANG_WARN_OBJC_ROOT_CLASS = YES_ERROR;
				CLANG_WARN_QUOTED_INCLUDE_IN_FRAMEWORK_HEADER = YES;
				CLANG_WARN_RANGE_LOOP_ANALYSIS = YES;
				CLANG_WARN_STRICT_PROTOTYPES = YES;
				CLANG_WARN_SUSPICIOUS_MOVE = YES;
				CLANG_WARN_UNGUARDED_AVAILABILITY = YES_AGGRESSIVE;
				CLANG_WARN_UNREACHABLE_CODE = YES;
				CLANG_WARN__DUPLICATE_METHOD_MATCH = YES;
				COPY_PHASE_STRIP = NO;
				DEBUG_INFORMATION_FORMAT = "dwarf-with-dsym";
				ENABLE_NS_ASSERTIONS = NO;
				ENABLE_STRICT_OBJC_MSGSEND = YES;
				ENABLE_USER_SCRIPT_SANDBOXING = YES;
				GCC_C_LANGUAGE_STANDARD = gnu17;
				GCC_NO_COMMON_BLOCKS = YES;
				GCC_WARN_64_TO_32_BIT_CONVERSION = YES;
				GCC_WARN_ABOUT_RETURN_TYPE = YES_ERROR;
				GCC_WARN_UNDECLARED_SELECTOR = YES;
				GCC_WARN_UNINITIALIZED_AUTOS = YES_AGGRESSIVE;
				GCC_WARN_UNUSED_FUNCTION = YES;
				GCC_WARN_UNUSED_VARIABLE = YES;
				IPHONEOS_DEPLOYMENT_TARGET = 17.2;
				LOCALIZATION_PREFERS_STRING_CATALOGS = YES;
				MTL_ENABLE_DEBUG_INFO = NO;
				MTL_FAST_MATH = YES;
				SDKROOT = iphoneos;
				SWIFT_COMPILATION_MODE = wholemodule;
				VALIDATE_PRODUCT = YES;
			};
			name = Release;
		};
		28B94DF62B398631008B8101 /* Debug */ = {
			isa = XCBuildConfiguration;
			buildSettings = {
				ASSETCATALOG_COMPILER_APPICON_NAME = AppIcon;
				ASSETCATALOG_COMPILER_GLOBAL_ACCENT_COLOR_NAME = AccentColor;
				CODE_SIGN_STYLE = Automatic;
				CURRENT_PROJECT_VERSION = 1;
				DEVELOPMENT_TEAM = 8865F52F8V;
				GENERATE_INFOPLIST_FILE = YES;
				INFOPLIST_FILE = MVVP/Info.plist;
				INFOPLIST_KEY_UIApplicationSupportsIndirectInputEvents = YES;
				INFOPLIST_KEY_UILaunchStoryboardName = LaunchScreen;
				INFOPLIST_KEY_UIMainStoryboardFile = Main;
				INFOPLIST_KEY_UISupportedInterfaceOrientations_iPad = "UIInterfaceOrientationPortrait UIInterfaceOrientationPortraitUpsideDown UIInterfaceOrientationLandscapeLeft UIInterfaceOrientationLandscapeRight";
				INFOPLIST_KEY_UISupportedInterfaceOrientations_iPhone = "UIInterfaceOrientationPortrait UIInterfaceOrientationLandscapeLeft UIInterfaceOrientationLandscapeRight";
				LD_RUNPATH_SEARCH_PATHS = (
					"$(inherited)",
					"@executable_path/Frameworks",
				);
				MARKETING_VERSION = 1.0;
				PRODUCT_BUNDLE_IDENTIFIER = melvinmc720.MVVP;
				PRODUCT_NAME = "$(TARGET_NAME)";
				SWIFT_EMIT_LOC_STRINGS = YES;
				SWIFT_VERSION = 5.0;
				TARGETED_DEVICE_FAMILY = "1,2";
			};
			name = Debug;
		};
		28B94DF72B398631008B8101 /* Release */ = {
			isa = XCBuildConfiguration;
			buildSettings = {
				ASSETCATALOG_COMPILER_APPICON_NAME = AppIcon;
				ASSETCATALOG_COMPILER_GLOBAL_ACCENT_COLOR_NAME = AccentColor;
				CODE_SIGN_STYLE = Automatic;
				CURRENT_PROJECT_VERSION = 1;
				DEVELOPMENT_TEAM = 8865F52F8V;
				GENERATE_INFOPLIST_FILE = YES;
				INFOPLIST_FILE = MVVP/Info.plist;
				INFOPLIST_KEY_UIApplicationSupportsIndirectInputEvents = YES;
				INFOPLIST_KEY_UILaunchStoryboardName = LaunchScreen;
				INFOPLIST_KEY_UIMainStoryboardFile = Main;
				INFOPLIST_KEY_UISupportedInterfaceOrientations_iPad = "UIInterfaceOrientationPortrait UIInterfaceOrientationPortraitUpsideDown UIInterfaceOrientationLandscapeLeft UIInterfaceOrientationLandscapeRight";
				INFOPLIST_KEY_UISupportedInterfaceOrientations_iPhone = "UIInterfaceOrientationPortrait UIInterfaceOrientationLandscapeLeft UIInterfaceOrientationLandscapeRight";
				LD_RUNPATH_SEARCH_PATHS = (
					"$(inherited)",
					"@executable_path/Frameworks",
				);
				MARKETING_VERSION = 1.0;
				PRODUCT_BUNDLE_IDENTIFIER = melvinmc720.MVVP;
				PRODUCT_NAME = "$(TARGET_NAME)";
				SWIFT_EMIT_LOC_STRINGS = YES;
				SWIFT_VERSION = 5.0;
				TARGETED_DEVICE_FAMILY = "1,2";
			};
			name = Release;
		};
/* End XCBuildConfiguration section */

/* Begin XCConfigurationList section */
		28B94DDC2B398630008B8101 /* Build configuration list for PBXProject "MVVP" */ = {
			isa = XCConfigurationList;
			buildConfigurations = (
				28B94DF32B398631008B8101 /* Debug */,
				28B94DF42B398631008B8101 /* Release */,
			);
			defaultConfigurationIsVisible = 0;
			defaultConfigurationName = Release;
		};
		28B94DF52B398631008B8101 /* Build configuration list for PBXNativeTarget "MVVP" */ = {
			isa = XCConfigurationList;
			buildConfigurations = (
				28B94DF62B398631008B8101 /* Debug */,
				28B94DF72B398631008B8101 /* Release */,
			);
			defaultConfigurationIsVisible = 0;
			defaultConfigurationName = Release;
		};
/* End XCConfigurationList section */
	};
	rootObject = 28B94DD92B398630008B8101 /* Project object */;
}
